
Microsoft Visual Studio Solution File, Format Version 12.00
# Visual Studio 2013
VisualStudioVersion = 12.0.21005.1
MinimumVisualStudioVersion = 10.0.40219.1
Project("{FAE04EC0-301F-11D3-BF4B-00C04F79EFBC}") = "tdd_kata1", "tdd_kata1\tdd_kata1.csproj", "{66DEF8B3-83EF-481E-A88B-5E6A903978ED}"
EndProject
Project("{FAE04EC0-301F-11D3-BF4B-00C04F79EFBC}") = "tdd_kata1_tests", "tdd_kata1_tests\tdd_kata1_tests.csproj", "{9C02FB9F-6FDC-49F9-8F4B-8D7B2EE6EDA4}"
EndProject
Global
	GlobalSection(SolutionConfigurationPlatforms) = preSolution
		Debug|Any CPU = Debug|Any CPU
		Release|Any CPU = Release|Any CPU
	EndGlobalSection
	GlobalSection(ProjectConfigurationPlatforms) = postSolution
		{66DEF8B3-83EF-481E-A88B-5E6A903978ED}.Debug|Any CPU.ActiveCfg = Debug|Any CPU
		{66DEF8B3-83EF-481E-A88B-5E6A903978ED}.Debug|Any CPU.Build.0 = Debug|Any CPU
		{66DEF8B3-83EF-481E-A88B-5E6A903978ED}.Release|Any CPU.ActiveCfg = Release|Any CPU
		{66DEF8B3-83EF-481E-A88B-5E6A903978ED}.Release|Any CPU.Build.0 = Release|Any CPU
		{9C02FB9F-6FDC-49F9-8F4B-8D7B2EE6EDA4}.Debug|Any CPU.ActiveCfg = Debug|Any CPU
		{9C02FB9F-6FDC-49F9-8F4B-8D7B2EE6EDA4}.Debug|Any CPU.Build.0 = Debug|Any CPU
		{9C02FB9F-6FDC-49F9-8F4B-8D7B2EE6EDA4}.Release|Any CPU.ActiveCfg = Release|Any CPU
		{9C02FB9F-6FDC-49F9-8F4B-8D7B2EE6EDA4}.Release|Any CPU.Build.0 = Release|Any CPU
	EndGlobalSection
	GlobalSection(SolutionProperties) = preSolution
		HideSolutionNode = FALSE
	EndGlobalSection
EndGlobal
